
Microsoft Visual Studio Solution File, Format Version 12.00
# Visual Studio 15
VisualStudioVersion = 15.0.27428.2037
MinimumVisualStudioVersion = 10.0.40219.1
Project("{FAE04EC0-301F-11D3-BF4B-00C04F79EFBC}") = "不重複樂透", "不重複樂透\不重複樂透.csproj", "{3DCA879C-6359-41BC-AF4B-2B951592A285}"
EndProject
Global
	GlobalSection(SolutionConfigurationPlatforms) = preSolution
		Debug|Any CPU = Debug|Any CPU
		Release|Any CPU = Release|Any CPU
	EndGlobalSection
	GlobalSection(ProjectConfigurationPlatforms) = postSolution
		{3DCA879C-6359-41BC-AF4B-2B951592A285}.Debug|Any CPU.ActiveCfg = Debug|Any CPU
		{3DCA879C-6359-41BC-AF4B-2B951592A285}.Debug|Any CPU.Build.0 = Debug|Any CPU
		{3DCA879C-6359-41BC-AF4B-2B951592A285}.Release|Any CPU.ActiveCfg = Release|Any CPU
		{3DCA879C-6359-41BC-AF4B-2B951592A285}.Release|Any CPU.Build.0 = Release|Any CPU
	EndGlobalSection
	GlobalSection(SolutionProperties) = preSolution
		HideSolutionNode = FALSE
	EndGlobalSection
	GlobalSection(ExtensibilityGlobals) = postSolution
		SolutionGuid = {914F76A1-1343-4FCE-947D-91E06486F5F7}
	EndGlobalSection
EndGlobal
